<?xml version="1.0" encoding="UTF-8" standalone="yes" ?>
<CodeBlocks_project_file>
	<FileVersion major="1" minor="6" />
	<Project>
		<Option title="CRAbMesh" />
		<Option pch_mode="2" />
		<Option compiler="mpi_compiler" />
		<Build>
			<Target title="Debug">
				<Option output="../../../../bin/Debug/CRAbMesh" prefix_auto="1" extension_auto="1" />
				<Option working_dir="../../../../bin/Debug" />
				<Option object_output="../../../../bin/Debug/obj" />
				<Option type="1" />
				<Option compiler="mpi_compiler" />
				<Compiler>
					<Add option="-Winit-self" />
					<Add option="-Wfloat-equal" />
					<Add option="-Winline" />
					<Add option="-g" />
					<Add option="-g3 -O0" />
					<Add option="-fexceptions" />
				</Compiler>
				<Linker>
					<Add option="-rdynamic" />
				</Linker>
			</Target>
			<Target title="Release">
				<Option output="../../../../bin/Release/CRAbMesh" prefix_auto="1" extension_auto="1" />
				<Option working_dir="../../../../bin/Release" />
				<Option object_output="../../../../bin/Release/obj" />
				<Option type="1" />
				<Option compiler="mpi_compiler" />
				<Compiler>
					<Add option="-O3" />
				</Compiler>
				<Linker>
					<Add option="-s" />
				</Linker>
			</Target>
		</Build>
		<Compiler>
			<Add option="-std=c++0x" />
			<Add option="-Wextra" />
			<Add option="-Wall" />
			<Add option="-W" />
			<Add option="-Wconversion" />
			<Add option="-Woverloaded-virtual" />
			<Add option="`wx-config --cppflags  --version=2.8`" />
			<Add option="-fopenmp" />
			<Add option="-DUSE_GUI=true" />
			<Add directory="../../../../header" />
		</Compiler>
		<Linker>
			<Add option="`wx-config --libs --gl-libs --version=2.8`" />
			<Add option="-lGLEW" />
			<Add option="-lglut" />
			<Add option="-lGLU" />
			<Add option="-lopencv_core" />
			<Add option="-lopencv_highgui" />
			<Add option="-fopenmp" />
		</Linker>
		<Unit filename="../../../../header/CRAbMesh/App.h" />
		<Unit filename="../../../../header/CRAbMesh/Camera.h" />
		<Unit filename="../../../../header/CRAbMesh/Canvas.h" />
		<Unit filename="../../../../header/CRAbMesh/Definitions.h" />
		<Unit filename="../../../../header/CRAbMesh/Frame.h" />
		<Unit filename="../../../../header/CRAbMesh/JmeshModule.h" />
		<Unit filename="../../../../header/CRAbMesh/MJMeshModule.h" />
		<Unit filename="../../../../header/CRAbMesh/MeshModule.h" />
		<Unit filename="../../../../header/CRAbMesh/MeshesModule.h" />
		<Unit filename="../../../../header/CRAbMesh/Module.h" />
		<Unit filename="../../../../header/CRAbMesh/PJmeshModule.h" />
		<Unit filename="../../../../header/CRAbMesh/PMJMeshModule.h" />
		<Unit filename="../../../../header/CRAbMesh/Thread.h" />
		<Unit filename="../../../../header/CRAbMesh/TreeItemData.h" />
		<Unit filename="../../../../header/CRAbMesh/ViewModule.h" />
		<Unit filename="../../../../header/Data/AbstractMesh.h" />
		<Unit filename="../../../../header/Data/BinTree.h" />
		<Unit filename="../../../../header/Data/BinTreeCell.h" />
		<Unit filename="../../../../header/Data/Boundary.h" />
		<Unit filename="../../../../header/Data/Box.h" />
		<Unit filename="../../../../header/Data/BoxSearchTree.h" />
		<Unit filename="../../../../header/Data/BoxSearchTreeCell.h" />
		<Unit filename="../../../../header/Data/BoxTree.h" />
		<Unit filename="../../../../header/Data/BoxTreeCell.h" />
		<Unit filename="../../../../header/Data/Chunk.h" />
		<Unit filename="../../../../header/Data/Colorable.h" />
		<Unit filename="../../../../header/Data/Definitions.h" />
		<Unit filename="../../../../header/Data/Drawable.h" />
		<Unit filename="../../../../header/Data/Edge.h" />
		<Unit filename="../../../../header/Data/Edge2D.h" />
		<Unit filename="../../../../header/Data/Element.h" />
		<Unit filename="../../../../header/Data/Exact.h" />
		<Unit filename="../../../../header/Data/Front.h" />
		<Unit filename="../../../../header/Data/FrontElement.h" />
		<Unit filename="../../../../header/Data/FrontElementBoxSearchTree.h" />
		<Unit filename="../../../../header/Data/FrontElementBoxSearchTreeCell.h" />
		<Unit filename="../../../../header/Data/GeometricSearchTree.h" />
		<Unit filename="../../../../header/Data/GeometricSearchTreeNode.h" />
		<Unit filename="../../../../header/Data/GeometricShape.h" />
		<Unit filename="../../../../header/Data/Graph.h" />
		<Unit filename="../../../../header/Data/GraphNode.h" />
		<Unit filename="../../../../header/Data/Identifiable.h" />
		<Unit filename="../../../../header/Data/ListDisplayable.h" />
		<Unit filename="../../../../header/Data/Mesh.h" />
		<Unit filename="../../../../header/Data/OctTree.h" />
		<Unit filename="../../../../header/Data/OctTreeCell.h" />
		<Unit filename="../../../../header/Data/Point.h" />
		<Unit filename="../../../../header/Data/Point2D.h" />
		<Unit filename="../../../../header/Data/Point3D.h" />
		<Unit filename="../../../../header/Data/Polygon.h" />
		<Unit filename="../../../../header/Data/Polyhedron.h" />
		<Unit filename="../../../../header/Data/Pool.h" />
		<Unit filename="../../../../header/Data/Poolable.h" />
		<Unit filename="../../../../header/Data/QuadTree.h" />
		<Unit filename="../../../../header/Data/QuadTreeCell.h" />
		<Unit filename="../../../../header/Data/RecursiveDecompositionTree.h" />
		<Unit filename="../../../../header/Data/RecursiveDecompositionTreeCell.h" />
		<Unit filename="../../../../header/Data/State.h" />
		<Unit filename="../../../../header/Data/Tetrahedron.h" />
		<Unit filename="../../../../header/Data/Tree.h" />
		<Unit filename="../../../../header/Data/TreeNode.h" />
		<Unit filename="../../../../header/Data/Triangle.h" />
		<Unit filename="../../../../header/Data/Triangle2D.h" />
		<Unit filename="../../../../header/Data/Triangle3D.h" />
		<Unit filename="../../../../header/Data/Vector.h" />
		<Unit filename="../../../../header/Data/Vector2D.h" />
		<Unit filename="../../../../header/Data/Vector3D.h" />
		<Unit filename="../../../../header/Data/Vertex.h" />
		<Unit filename="../../../../header/Data/VertexBoxSearchTree.h" />
		<Unit filename="../../../../header/Data/VertexBoxSearchTreeCell.h" />
		<Unit filename="../../../../header/Data/predicates.h" />
		<Unit filename="../../../../header/FuncMesh/Definitions.h" />
		<Unit filename="../../../../header/FuncMesh/FrontAdvancer.h" />
		<Unit filename="../../../../header/IO/Definitions.h" />
		<Unit filename="../../../../header/IO/FileManipulator.h" />
		<Unit filename="../../../../header/IO/FileReader.h" />
		<Unit filename="../../../../header/IO/FileWriter.h" />
		<Unit filename="../../../../header/IO/JmeshFileReader.h" />
		<Unit filename="../../../../header/IO/JmeshFileWriter.h" />
		<Unit filename="../../../../header/IO/MJMeshFileReader.h" />
		<Unit filename="../../../../header/IO/MJMeshFileWriter.h" />
		<Unit filename="../../../../header/IO/MeshFileReader.h" />
		<Unit filename="../../../../header/IO/MeshFileWriter.h" />
		<Unit filename="../../../../header/IO/NeutralFileReader.h" />
		<Unit filename="../../../../header/IO/NeutralFileWriter.h" />
		<Unit filename="../../../../header/IO/TextMeshFileReader.h" />
		<Unit filename="../../../../header/IO/TextMeshFileWriter.h" />
		<Unit filename="../../../../header/Jmesh/Definitions.h" />
		<Unit filename="../../../../header/Jmesh/JmeshMainDef3D.h" />
		<Unit filename="../../../../header/Jmesh/JmeshPointTree.h" />
		<Unit filename="../../../../header/Jmesh/JmeshRangeTree.h" />
		<Unit filename="../../../../header/Jmesh/MainDrive.h" />
		<Unit filename="../../../../header/Jmesh/TreeGenerator.h" />
		<Unit filename="../../../../header/MJMesh/BackTrackingFrontAdvancer.h" />
		<Unit filename="../../../../header/MJMesh/Boundary.h" />
		<Unit filename="../../../../header/MJMesh/BoundaryBuilder.h" />
		<Unit filename="../../../../header/MJMesh/Definitions.h" />
		<Unit filename="../../../../header/MJMesh/Edge2D.h" />
		<Unit filename="../../../../header/MJMesh/Edge3D.h" />
		<Unit filename="../../../../header/MJMesh/Element.h" />
		<Unit filename="../../../../header/MJMesh/Element2D.h" />
		<Unit filename="../../../../header/MJMesh/Element3D.h" />
		<Unit filename="../../../../header/MJMesh/Front.h" />
		<Unit filename="../../../../header/MJMesh/FrontAdvancer.h" />
		<Unit filename="../../../../header/MJMesh/FrontElement.h" />
		<Unit filename="../../../../header/MJMesh/FrontElement2D.h" />
		<Unit filename="../../../../header/MJMesh/FrontElement3D.h" />
		<Unit filename="../../../../header/MJMesh/FrontElementSearchTreeGenerator.h" />
		<Unit filename="../../../../header/MJMesh/GeometryFrontAdvancer.h" />
		<Unit filename="../../../../header/MJMesh/LaplacianSmoother.h" />
		<Unit filename="../../../../header/MJMesh/MainDrive.h" />
		<Unit filename="../../../../header/MJMesh/Mesh.h" />
		<Unit filename="../../../../header/MJMesh/MeshBackTracker.h" />
		<Unit filename="../../../../header/MJMesh/MeshImprover.h" />
		<Unit filename="../../../../header/MJMesh/MinTreeRefiner.h" />
		<Unit filename="../../../../header/MJMesh/NeighborTreeRefiner.h" />
		<Unit filename="../../../../header/MJMesh/OctTree.h" />
		<Unit filename="../../../../header/MJMesh/OctTreeCell.h" />
		<Unit filename="../../../../header/MJMesh/QuadTree.h" />
		<Unit filename="../../../../header/MJMesh/QuadTreeCell.h" />
		<Unit filename="../../../../header/MJMesh/TopologyFrontAdvancer.h" />
		<Unit filename="../../../../header/MJMesh/TreeGenerator.h" />
		<Unit filename="../../../../header/MJMesh/Triangle3D.h" />
		<Unit filename="../../../../header/MJMesh/UniformBoundaryAdapter.h" />
		<Unit filename="../../../../header/MJMesh/Vertex.h" />
		<Unit filename="../../../../header/MJMesh/VertexSearchTreeGenerator.h" />
		<Unit filename="../../../../header/PJmesh/BackTrackingFrontAdvancer.h" />
		<Unit filename="../../../../header/PJmesh/Communicator.h" />
		<Unit filename="../../../../header/PJmesh/Definitions.h" />
		<Unit filename="../../../../header/PJmesh/GlobalTaskManager.h" />
		<Unit filename="../../../../header/PJmesh/InputData.h" />
		<Unit filename="../../../../header/PJmesh/JmeshMainDef3D.h" />
		<Unit filename="../../../../header/PJmesh/JmeshPointTree.h" />
		<Unit filename="../../../../header/PJmesh/JmeshRangeTree.h" />
		<Unit filename="../../../../header/PJmesh/JmeshTask.h" />
		<Unit filename="../../../../header/PJmesh/MainDrive.h" />
		<Unit filename="../../../../header/PJmesh/MeshGenerator.h" />
		<Unit filename="../../../../header/PJmesh/TreeGenerator.h" />
		<Unit filename="../../../../header/PJmesh/WorkerMainDrive.h" />
		<Unit filename="../../../../header/PMJMesh/APrioriTaskManager.h" />
		<Unit filename="../../../../header/PMJMesh/AnglePointInObjectDecider.h" />
		<Unit filename="../../../../header/PMJMesh/AngleTreeCellClassifier.h" />
		<Unit filename="../../../../header/PMJMesh/BackTrackingFrontAdvancer.h" />
		<Unit filename="../../../../header/PMJMesh/Boundary.h" />
		<Unit filename="../../../../header/PMJMesh/BoundaryBuilder.h" />
		<Unit filename="../../../../header/PMJMesh/BoxTreeShifter.h" />
		<Unit filename="../../../../header/PMJMesh/Communicator.h" />
		<Unit filename="../../../../header/PMJMesh/Definitions.h" />
		<Unit filename="../../../../header/PMJMesh/EmptyFrontUpdater.h" />
		<Unit filename="../../../../header/PMJMesh/Front.h" />
		<Unit filename="../../../../header/PMJMesh/FrontElementBoxSearchTree.h" />
		<Unit filename="../../../../header/PMJMesh/FrontElementSearchTreeGenerator.h" />
		<Unit filename="../../../../header/PMJMesh/FrontPartitioner.h" />
		<Unit filename="../../../../header/PMJMesh/FrontUpdater.h" />
		<Unit filename="../../../../header/PMJMesh/FullFrontUpdater.h" />
		<Unit filename="../../../../header/PMJMesh/GeometryFrontAdvancer.h" />
		<Unit filename="../../../../header/PMJMesh/GlobalTaskManager.h" />
		<Unit filename="../../../../header/PMJMesh/InputData.h" />
		<Unit filename="../../../../header/PMJMesh/LoadCalculator.h" />
		<Unit filename="../../../../header/PMJMesh/MJMeshTask.h" />
		<Unit filename="../../../../header/PMJMesh/MainDrive.h" />
		<Unit filename="../../../../header/PMJMesh/MasterCellClassifier.h" />
		<Unit filename="../../../../header/PMJMesh/MeshBackTracker.h" />
		<Unit filename="../../../../header/PMJMesh/MinTreeRefiner.h" />
		<Unit filename="../../../../header/PMJMesh/NeighborTreeRefiner.h" />
		<Unit filename="../../../../header/PMJMesh/PartialFrontUpdater.h" />
		<Unit filename="../../../../header/PMJMesh/Partition.h" />
		<Unit filename="../../../../header/PMJMesh/PartitionNeighborTreeRefiner.h" />
		<Unit filename="../../../../header/PMJMesh/PartitionOctTree.h" />
		<Unit filename="../../../../header/PMJMesh/PartitionOctTreeCell.h" />
		<Unit filename="../../../../header/PMJMesh/PartitionQuadTree.h" />
		<Unit filename="../../../../header/PMJMesh/PartitionQuadTreeCell.h" />
		<Unit filename="../../../../header/PMJMesh/PartitionTreeGenerator.h" />
		<Unit filename="../../../../header/PMJMesh/PositionTreeRefiner.h" />
		<Unit filename="../../../../header/PMJMesh/SecondaryPartitionBuilder.h" />
		<Unit filename="../../../../header/PMJMesh/TaskManager.h" />
		<Unit filename="../../../../header/PMJMesh/TopologyFrontAdvancer.h" />
		<Unit filename="../../../../header/PMJMesh/TreeGenerator.h" />
		<Unit filename="../../../../header/PMJMesh/TreePartitioner.h" />
		<Unit filename="../../../../header/PMJMesh/VertexBoxSearchTree.h" />
		<Unit filename="../../../../header/PMJMesh/VertexSearchTreeGenerator.h" />
		<Unit filename="../../../../header/PMJMesh/WorkerCellClassifier.h" />
		<Unit filename="../../../../header/PMJMesh/WorkerLaplacianSmoother.h" />
		<Unit filename="../../../../header/PMJMesh/WorkerMainDrive.h" />
		<Unit filename="../../../../header/PMJMesh/WorkerMeshImprover.h" />
		<Unit filename="../../../../header/PMJMesh/WorkerMinTreeDisrefiner.h" />
		<Unit filename="../../../../header/PMJMesh/WorkerMinTreeRefiner.h" />
		<Unit filename="../../../../header/Parallel/AsyncDynamicLoadBalancer.h" />
		<Unit filename="../../../../header/Parallel/Builder.h" />
		<Unit filename="../../../../header/Parallel/Communicator.h" />
		<Unit filename="../../../../header/Parallel/Definitions.h" />
		<Unit filename="../../../../header/Parallel/DemandParallelDynamicLoadBalancer.h" />
		<Unit filename="../../../../header/Parallel/DynamicLoadBalancer.h" />
		<Unit filename="../../../../header/Parallel/GreedySerialStaticLoadBalancer.h" />
		<Unit filename="../../../../header/Parallel/LoadBalancer.h" />
		<Unit filename="../../../../header/Parallel/MPICommunicator.h" />
		<Unit filename="../../../../header/Parallel/MPIMessage.h" />
		<Unit filename="../../../../header/Parallel/MainDrive.h" />
		<Unit filename="../../../../header/Parallel/Message.h" />
		<Unit filename="../../../../header/Parallel/Partition.h" />
		<Unit filename="../../../../header/Parallel/Partitioner.h" />
		<Unit filename="../../../../header/Parallel/SpringSerialStaticLoadBalancer.h" />
		<Unit filename="../../../../header/Parallel/StaticLoadBalancer.h" />
		<Unit filename="../../../../header/Parallel/SyncDynamicLoadBalancer.h" />
		<Unit filename="../../../../header/Parallel/Task.h" />
		<Unit filename="../../../../header/Parallel/Transferable.h" />
		<Unit filename="../../../../header/Parallel/WeightedGreedySerialStaticLoadBalancer.h" />
		<Unit filename="../../../../header/Performer/AnglePointInObjectDecider.h" />
		<Unit filename="../../../../header/Performer/AngleTreeCellClassifier.h" />
		<Unit filename="../../../../header/Performer/BoundaryAdapter.h" />
		<Unit filename="../../../../header/Performer/BoundaryBuilder.h" />
		<Unit filename="../../../../header/Performer/Builder.h" />
		<Unit filename="../../../../header/Performer/Clipper.h" />
		<Unit filename="../../../../header/Performer/Definitions.h" />
		<Unit filename="../../../../header/Performer/FrontAdvancer.h" />
		<Unit filename="../../../../header/Performer/GraphBuilder.h" />
		<Unit filename="../../../../header/Performer/IdManager.h" />
		<Unit filename="../../../../header/Performer/LaplacianSmoother.h" />
		<Unit filename="../../../../header/Performer/MainDrive.h" />
		<Unit filename="../../../../header/Performer/MeshBackTracker.h" />
		<Unit filename="../../../../header/Performer/MeshGenerator.h" />
		<Unit filename="../../../../header/Performer/MeshImprover.h" />
		<Unit filename="../../../../header/Performer/MeshOptimizer.h" />
		<Unit filename="../../../../header/Performer/MeshRefiner.h" />
		<Unit filename="../../../../header/Performer/MeshSmoother.h" />
		<Unit filename="../../../../header/Performer/MinTreeRefiner.h" />
		<Unit filename="../../../../header/Performer/NeighborTreeRefiner.h" />
		<Unit filename="../../../../header/Performer/PointInObjectDecider.h" />
		<Unit filename="../../../../header/Performer/RangedIdManager.h" />
		<Unit filename="../../../../header/Performer/SequentialIdManager.h" />
		<Unit filename="../../../../header/Performer/Status.h" />
		<Unit filename="../../../../header/Performer/TreeCellClassifier.h" />
		<Unit filename="../../../../header/Performer/TreeGenerator.h" />
		<Unit filename="../../../../header/Performer/TreeRefiner.h" />
		<Unit filename="../../../../header/Performer/UniformBoundaryAdapter.h" />
		<Unit filename="../../../../src/CRAbMesh.cpp" />
		<Unit filename="../../../../src/CRAbMesh/App.cpp" />
		<Unit filename="../../../../src/CRAbMesh/Camera.cpp" />
		<Unit filename="../../../../src/CRAbMesh/Canvas.cpp" />
		<Unit filename="../../../../src/CRAbMesh/Definitions.cpp" />
		<Unit filename="../../../../src/CRAbMesh/Frame.cpp" />
		<Unit filename="../../../../src/CRAbMesh/JmeshModule.cpp" />
		<Unit filename="../../../../src/CRAbMesh/MJMeshModule.cpp" />
		<Unit filename="../../../../src/CRAbMesh/MeshModule.cpp" />
		<Unit filename="../../../../src/CRAbMesh/MeshesModule.cpp" />
		<Unit filename="../../../../src/CRAbMesh/Module.cpp" />
		<Unit filename="../../../../src/CRAbMesh/PJmeshModule.cpp" />
		<Unit filename="../../../../src/CRAbMesh/PMJMeshModule.cpp" />
		<Unit filename="../../../../src/CRAbMesh/Thread.cpp" />
		<Unit filename="../../../../src/CRAbMesh/TreeItemData.cpp" />
		<Unit filename="../../../../src/CRAbMesh/ViewModule.cpp" />
		<Unit filename="../../../../src/Data/AbstractMesh.cpp" />
		<Unit filename="../../../../src/Data/BinTree.cpp" />
		<Unit filename="../../../../src/Data/BinTreeCell.cpp" />
		<Unit filename="../../../../src/Data/Boundary.cpp" />
		<Unit filename="../../../../src/Data/Box.cpp" />
		<Unit filename="../../../../src/Data/BoxSearchTree.cpp" />
		<Unit filename="../../../../src/Data/BoxSearchTreeCell.cpp" />
		<Unit filename="../../../../src/Data/BoxTree.cpp" />
		<Unit filename="../../../../src/Data/BoxTreeCell.cpp" />
		<Unit filename="../../../../src/Data/Chunk.cpp" />
		<Unit filename="../../../../src/Data/Colorable.cpp" />
		<Unit filename="../../../../src/Data/Definitions.cpp" />
		<Unit filename="../../../../src/Data/Drawable.cpp" />
		<Unit filename="../../../../src/Data/Edge.cpp" />
		<Unit filename="../../../../src/Data/Edge2D.cpp" />
		<Unit filename="../../../../src/Data/Element.cpp" />
		<Unit filename="../../../../src/Data/Front.cpp" />
		<Unit filename="../../../../src/Data/FrontElement.cpp" />
		<Unit filename="../../../../src/Data/FrontElementBoxSearchTree.cpp" />
		<Unit filename="../../../../src/Data/FrontElementBoxSearchTreeCell.cpp" />
		<Unit filename="../../../../src/Data/GeometricSearchTree.cpp" />
		<Unit filename="../../../../src/Data/GeometricSearchTreeNode.cpp" />
		<Unit filename="../../../../src/Data/GeometricShape.cpp" />
		<Unit filename="../../../../src/Data/Graph.cpp" />
		<Unit filename="../../../../src/Data/GraphNode.cpp" />
		<Unit filename="../../../../src/Data/Identifiable.cpp" />
		<Unit filename="../../../../src/Data/ListDisplayable.cpp" />
		<Unit filename="../../../../src/Data/Mesh.cpp" />
		<Unit filename="../../../../src/Data/OctTree.cpp" />
		<Unit filename="../../../../src/Data/OctTreeCell.cpp" />
		<Unit filename="../../../../src/Data/Point.cpp" />
		<Unit filename="../../../../src/Data/Point2D.cpp" />
		<Unit filename="../../../../src/Data/Point3D.cpp" />
		<Unit filename="../../../../src/Data/Polygon.cpp" />
		<Unit filename="../../../../src/Data/Polyhedron.cpp" />
		<Unit filename="../../../../src/Data/QuadTree.cpp" />
		<Unit filename="../../../../src/Data/QuadTreeCell.cpp" />
		<Unit filename="../../../../src/Data/RecursiveDecompositionTree.cpp" />
		<Unit filename="../../../../src/Data/RecursiveDecompositionTreeCell.cpp" />
		<Unit filename="../../../../src/Data/State.cpp" />
		<Unit filename="../../../../src/Data/Tetrahedron.cpp" />
		<Unit filename="../../../../src/Data/Tree.cpp" />
		<Unit filename="../../../../src/Data/TreeNode.cpp" />
		<Unit filename="../../../../src/Data/Triangle.cpp" />
		<Unit filename="../../../../src/Data/Triangle2D.cpp" />
		<Unit filename="../../../../src/Data/Triangle3D.cpp" />
		<Unit filename="../../../../src/Data/Vector.cpp" />
		<Unit filename="../../../../src/Data/Vector2D.cpp" />
		<Unit filename="../../../../src/Data/Vector3D.cpp" />
		<Unit filename="../../../../src/Data/Vertex.cpp" />
		<Unit filename="../../../../src/Data/VertexBoxSearchTree.cpp" />
		<Unit filename="../../../../src/Data/VertexBoxSearchTreeCell.cpp" />
		<Unit filename="../../../../src/Data/predicates.c">
			<Option compilerVar="CC" />
		</Unit>
		<Unit filename="../../../../src/FuncMesh/FrontAdvancer.cpp" />
		<Unit filename="../../../../src/IO/FileManipulator.cpp" />
		<Unit filename="../../../../src/IO/FileReader.cpp" />
		<Unit filename="../../../../src/IO/FileWriter.cpp" />
		<Unit filename="../../../../src/IO/JmeshFileReader.cpp" />
		<Unit filename="../../../../src/IO/JmeshFileWriter.cpp" />
		<Unit filename="../../../../src/IO/MJMeshFileReader.cpp" />
		<Unit filename="../../../../src/IO/MJMeshFileWriter.cpp" />
		<Unit filename="../../../../src/IO/MeshFileReader.cpp" />
		<Unit filename="../../../../src/IO/MeshFileWriter.cpp" />
		<Unit filename="../../../../src/IO/NeutralFileReader.cpp" />
		<Unit filename="../../../../src/IO/NeutralFileWriter.cpp" />
		<Unit filename="../../../../src/IO/TextMeshFileReader.cpp" />
		<Unit filename="../../../../src/IO/TextMeshFileWriter.cpp" />
		<Unit filename="../../../../src/Jmesh/Definitions.cpp" />
		<Unit filename="../../../../src/Jmesh/JmeshAdvnFrt3D.c">
			<Option compilerVar="CC" />
		</Unit>
		<Unit filename="../../../../src/Jmesh/JmeshBdryOct3D.c">
			<Option compilerVar="CC" />
		</Unit>
		<Unit filename="../../../../src/Jmesh/JmeshElemExt3D.c">
			<Option compilerVar="CC" />
		</Unit>
		<Unit filename="../../../../src/Jmesh/JmeshGeneMsh3D.c">
			<Option compilerVar="CC" />
		</Unit>
		<Unit filename="../../../../src/Jmesh/JmeshInseKer3D.c">
			<Option compilerVar="CC" />
		</Unit>
		<Unit filename="../../../../src/Jmesh/JmeshMainDrive.c">
			<Option compilerVar="CC" />
		</Unit>
		<Unit filename="../../../../src/Jmesh/JmeshPointTree.c">
			<Option compilerVar="CC" />
		</Unit>
		<Unit filename="../../../../src/Jmesh/JmeshRangeTree.c">
			<Option compilerVar="CC" />
		</Unit>
		<Unit filename="../../../../src/Jmesh/MainDrive.cpp" />
		<Unit filename="../../../../src/Jmesh/TreeGenerator.cpp" />
		<Unit filename="../../../../src/MJMesh/BackTrackingFrontAdvancer.cpp" />
		<Unit filename="../../../../src/MJMesh/Boundary.cpp" />
		<Unit filename="../../../../src/MJMesh/BoundaryBuilder.cpp" />
		<Unit filename="../../../../src/MJMesh/Definitions.cpp" />
		<Unit filename="../../../../src/MJMesh/Edge2D.cpp" />
		<Unit filename="../../../../src/MJMesh/Edge3D.cpp" />
		<Unit filename="../../../../src/MJMesh/Element.cpp" />
		<Unit filename="../../../../src/MJMesh/Element2D.cpp" />
		<Unit filename="../../../../src/MJMesh/Element3D.cpp" />
		<Unit filename="../../../../src/MJMesh/Front.cpp" />
		<Unit filename="../../../../src/MJMesh/FrontAdvancer.cpp" />
		<Unit filename="../../../../src/MJMesh/FrontElement.cpp" />
		<Unit filename="../../../../src/MJMesh/FrontElement2D.cpp" />
		<Unit filename="../../../../src/MJMesh/FrontElement3D.cpp" />
		<Unit filename="../../../../src/MJMesh/FrontElementSearchTreeGenerator.cpp" />
		<Unit filename="../../../../src/MJMesh/GeometryFrontAdvancer.cpp" />
		<Unit filename="../../../../src/MJMesh/LaplacianSmoother.cpp" />
		<Unit filename="../../../../src/MJMesh/MainDrive.cpp" />
		<Unit filename="../../../../src/MJMesh/Mesh.cpp" />
		<Unit filename="../../../../src/MJMesh/MeshBackTracker.cpp" />
		<Unit filename="../../../../src/MJMesh/MeshImprover.cpp" />
		<Unit filename="../../../../src/MJMesh/MinTreeRefiner.cpp" />
		<Unit filename="../../../../src/MJMesh/NeighborTreeRefiner.cpp" />
		<Unit filename="../../../../src/MJMesh/OctTree.cpp" />
		<Unit filename="../../../../src/MJMesh/OctTreeCell.cpp" />
		<Unit filename="../../../../src/MJMesh/QuadTree.cpp" />
		<Unit filename="../../../../src/MJMesh/QuadTreeCell.cpp" />
		<Unit filename="../../../../src/MJMesh/TopologyFrontAdvancer.cpp" />
		<Unit filename="../../../../src/MJMesh/TreeGenerator.cpp" />
		<Unit filename="../../../../src/MJMesh/Triangle3D.cpp" />
		<Unit filename="../../../../src/MJMesh/UniformBoundaryAdapter.cpp" />
		<Unit filename="../../../../src/MJMesh/Vertex.cpp" />
		<Unit filename="../../../../src/MJMesh/VertexSearchTreeGenerator.cpp" />
		<Unit filename="../../../../src/PJmesh/BackTrackingFrontAdvancer.cpp" />
		<Unit filename="../../../../src/PJmesh/Communicator.cpp" />
		<Unit filename="../../../../src/PJmesh/Definitions.cpp" />
		<Unit filename="../../../../src/PJmesh/GlobalTaskManager.cpp" />
		<Unit filename="../../../../src/PJmesh/InputData.cpp" />
		<Unit filename="../../../../src/PJmesh/JmeshAdvnFrt3D.c">
			<Option compilerVar="CC" />
		</Unit>
		<Unit filename="../../../../src/PJmesh/JmeshGeneMsh3D.c">
			<Option compilerVar="CC" />
		</Unit>
		<Unit filename="../../../../src/PJmesh/JmeshTask.cpp" />
		<Unit filename="../../../../src/PJmesh/MainDrive.cpp" />
		<Unit filename="../../../../src/PJmesh/MeshGenerator.cpp" />
		<Unit filename="../../../../src/PJmesh/TreeGenerator.cpp" />
		<Unit filename="../../../../src/PJmesh/WorkerMainDrive.cpp" />
		<Unit filename="../../../../src/PMJMesh/APrioriTaskManager.cpp" />
		<Unit filename="../../../../src/PMJMesh/AnglePointInObjectDecider.cpp" />
		<Unit filename="../../../../src/PMJMesh/AngleTreeCellClassifier.cpp" />
		<Unit filename="../../../../src/PMJMesh/BackTrackingFrontAdvancer.cpp" />
		<Unit filename="../../../../src/PMJMesh/Boundary.cpp" />
		<Unit filename="../../../../src/PMJMesh/BoundaryBuilder.cpp" />
		<Unit filename="../../../../src/PMJMesh/BoxTreeShifter.cpp" />
		<Unit filename="../../../../src/PMJMesh/Communicator.cpp" />
		<Unit filename="../../../../src/PMJMesh/Definitions.cpp" />
		<Unit filename="../../../../src/PMJMesh/EmptyFrontUpdater.cpp" />
		<Unit filename="../../../../src/PMJMesh/Front.cpp" />
		<Unit filename="../../../../src/PMJMesh/FrontElementBoxSearchTree.cpp" />
		<Unit filename="../../../../src/PMJMesh/FrontElementSearchTreeGenerator.cpp" />
		<Unit filename="../../../../src/PMJMesh/FrontPartitioner.cpp" />
		<Unit filename="../../../../src/PMJMesh/FrontUpdater.cpp" />
		<Unit filename="../../../../src/PMJMesh/FullFrontUpdater.cpp" />
		<Unit filename="../../../../src/PMJMesh/GeometryFrontAdvancer.cpp" />
		<Unit filename="../../../../src/PMJMesh/GlobalTaskManager.cpp" />
		<Unit filename="../../../../src/PMJMesh/InputData.cpp" />
		<Unit filename="../../../../src/PMJMesh/LoadCalculator.cpp" />
		<Unit filename="../../../../src/PMJMesh/MJMeshTask.cpp" />
		<Unit filename="../../../../src/PMJMesh/MainDrive.cpp" />
		<Unit filename="../../../../src/PMJMesh/MasterCellClassifier.cpp" />
		<Unit filename="../../../../src/PMJMesh/MeshBackTracker.cpp" />
		<Unit filename="../../../../src/PMJMesh/MinTreeRefiner.cpp" />
		<Unit filename="../../../../src/PMJMesh/NeighborTreeRefiner.cpp" />
		<Unit filename="../../../../src/PMJMesh/PartialFrontUpdater.cpp" />
		<Unit filename="../../../../src/PMJMesh/Partition.cpp" />
		<Unit filename="../../../../src/PMJMesh/PartitionNeighborTreeRefiner.cpp" />
		<Unit filename="../../../../src/PMJMesh/PartitionOctTree.cpp" />
		<Unit filename="../../../../src/PMJMesh/PartitionOctTreeCell.cpp" />
		<Unit filename="../../../../src/PMJMesh/PartitionQuadTree.cpp" />
		<Unit filename="../../../../src/PMJMesh/PartitionQuadTreeCell.cpp" />
		<Unit filename="../../../../src/PMJMesh/PartitionTreeGenerator.cpp" />
		<Unit filename="../../../../src/PMJMesh/PositionTreeRefiner.cpp" />
		<Unit filename="../../../../src/PMJMesh/SecondaryPartitionBuilder.cpp" />
		<Unit filename="../../../../src/PMJMesh/TaskManager.cpp" />
		<Unit filename="../../../../src/PMJMesh/TopologyFrontAdvancer.cpp" />
		<Unit filename="../../../../src/PMJMesh/TreeGenerator.cpp" />
		<Unit filename="../../../../src/PMJMesh/TreePartitioner.cpp" />
		<Unit filename="../../../../src/PMJMesh/VertexBoxSearchTree.cpp" />
		<Unit filename="../../../../src/PMJMesh/VertexSearchTreeGenerator.cpp" />
		<Unit filename="../../../../src/PMJMesh/WorkerCellClassifier.cpp" />
		<Unit filename="../../../../src/PMJMesh/WorkerLaplacianSmoother.cpp" />
		<Unit filename="../../../../src/PMJMesh/WorkerMainDrive.cpp" />
		<Unit filename="../../../../src/PMJMesh/WorkerMeshImprover.cpp" />
		<Unit filename="../../../../src/PMJMesh/WorkerMinTreeDisrefiner.cpp" />
		<Unit filename="../../../../src/PMJMesh/WorkerMinTreeRefiner.cpp" />
		<Unit filename="../../../../src/Parallel/AsyncDynamicLoadBalancer.cpp" />
		<Unit filename="../../../../src/Parallel/Builder.cpp" />
		<Unit filename="../../../../src/Parallel/Communicator.cpp" />
		<Unit filename="../../../../src/Parallel/DemandParallelDynamicLoadBalancer.cpp" />
		<Unit filename="../../../../src/Parallel/DynamicLoadBalancer.cpp" />
		<Unit filename="../../../../src/Parallel/GreedySerialStaticLoadBalancer.cpp" />
		<Unit filename="../../../../src/Parallel/LoadBalancer.cpp" />
		<Unit filename="../../../../src/Parallel/MPICommunicator.cpp" />
		<Unit filename="../../../../src/Parallel/MPIMessage.cpp" />
		<Unit filename="../../../../src/Parallel/MainDrive.cpp" />
		<Unit filename="../../../../src/Parallel/Message.cpp" />
		<Unit filename="../../../../src/Parallel/Partition.cpp" />
		<Unit filename="../../../../src/Parallel/Partitioner.cpp" />
		<Unit filename="../../../../src/Parallel/SpringSerialStaticLoadBalancer.cpp" />
		<Unit filename="../../../../src/Parallel/StaticLoadBalancer.cpp" />
		<Unit filename="../../../../src/Parallel/SyncDynamicLoadBalancer.cpp" />
		<Unit filename="../../../../src/Parallel/Task.cpp" />
		<Unit filename="../../../../src/Parallel/Transferable.cpp" />
		<Unit filename="../../../../src/Parallel/WeightedGreedySerialStaticLoadBalancer.cpp" />
		<Unit filename="../../../../src/Performer/AnglePointInObjectDecider.cpp" />
		<Unit filename="../../../../src/Performer/AngleTreeCellClassifier.cpp" />
		<Unit filename="../../../../src/Performer/BoundaryAdapter.cpp" />
		<Unit filename="../../../../src/Performer/BoundaryBuilder.cpp" />
		<Unit filename="../../../../src/Performer/Builder.cpp" />
		<Unit filename="../../../../src/Performer/Clipper.cpp" />
		<Unit filename="../../../../src/Performer/FrontAdvancer.cpp" />
		<Unit filename="../../../../src/Performer/GraphBuilder.cpp" />
		<Unit filename="../../../../src/Performer/IdManager.cpp" />
		<Unit filename="../../../../src/Performer/LaplacianSmoother.cpp" />
		<Unit filename="../../../../src/Performer/MainDrive.cpp" />
		<Unit filename="../../../../src/Performer/MeshBackTracker.cpp" />
		<Unit filename="../../../../src/Performer/MeshGenerator.cpp" />
		<Unit filename="../../../../src/Performer/MeshImprover.cpp" />
		<Unit filename="../../../../src/Performer/MeshOptimizer.cpp" />
		<Unit filename="../../../../src/Performer/MeshRefiner.cpp" />
		<Unit filename="../../../../src/Performer/MeshSmoother.cpp" />
		<Unit filename="../../../../src/Performer/MinTreeRefiner.cpp" />
		<Unit filename="../../../../src/Performer/NeighborTreeRefiner.cpp" />
		<Unit filename="../../../../src/Performer/PointInObjectDecider.cpp" />
		<Unit filename="../../../../src/Performer/RangedIdManager.cpp" />
		<Unit filename="../../../../src/Performer/SequentialIdManager.cpp" />
		<Unit filename="../../../../src/Performer/Status.cpp" />
		<Unit filename="../../../../src/Performer/TreeCellClassifier.cpp" />
		<Unit filename="../../../../src/Performer/TreeGenerator.cpp" />
		<Unit filename="../../../../src/Performer/TreeRefiner.cpp" />
		<Unit filename="../../../../src/Performer/UniformBoundaryAdapter.cpp" />
		<Extensions>
			<code_completion />
			<envvars />
			<lib_finder disable_auto="1" />
			<debugger />
			<DoxyBlocks>
				<comment_style block="0" line="0" />
				<doxyfile_project />
				<doxyfile_build />
				<doxyfile_warnings />
				<doxyfile_output />
				<doxyfile_dot class_diagrams="1" have_dot="1" />
				<general />
			</DoxyBlocks>
		</Extensions>
	</Project>
</CodeBlocks_project_file>
